
Microsoft Visual Studio Solution File, Format Version 12.00
# Visual Studio Version 17
VisualStudioVersion = 17.8.34316.72
MinimumVisualStudioVersion = 10.0.40219.1
Project("{9A19103F-16F7-4668-BE54-9A1E7A4F7556}") = "Windbg", "Windbg\Windbg.csproj", "{27631350-8A32-4134-BA19-983C9075F698}"
	ProjectSection(ProjectDependencies) = postProject
		{0726CB1F-0BB4-4C52-A5BF-8281AEB05606} = {0726CB1F-0BB4-4C52-A5BF-8281AEB05606}
	EndProjectSection
EndProject
Project("{8BC9CEB8-8B4A-11D0-8D11-00A0C91BC942}") = "NativeUefi", "NativeUefi\NativeUefi.vcxproj", "{0726CB1F-0BB4-4C52-A5BF-8281AEB05606}"
EndProject
Global
	GlobalSection(SolutionConfigurationPlatforms) = preSolution
		Debug|Any CPU = Debug|Any CPU
		Debug|x64 = Debug|x64
		Debug|x86 = Debug|x86
		Release|Any CPU = Release|Any CPU
		Release|x64 = Release|x64
		Release|x86 = Release|x86
	EndGlobalSection
	GlobalSection(ProjectConfigurationPlatforms) = postSolution
		{27631350-8A32-4134-BA19-983C9075F698}.Debug|Any CPU.ActiveCfg = Debug|Any CPU
		{27631350-8A32-4134-BA19-983C9075F698}.Debug|Any CPU.Build.0 = Debug|Any CPU
		{27631350-8A32-4134-BA19-983C9075F698}.Debug|x64.ActiveCfg = Debug|Any CPU
		{27631350-8A32-4134-BA19-983C9075F698}.Debug|x64.Build.0 = Debug|Any CPU
		{27631350-8A32-4134-BA19-983C9075F698}.Debug|x86.ActiveCfg = Debug|Any CPU
		{27631350-8A32-4134-BA19-983C9075F698}.Debug|x86.Build.0 = Debug|Any CPU
		{27631350-8A32-4134-BA19-983C9075F698}.Release|Any CPU.ActiveCfg = Release|Any CPU
		{27631350-8A32-4134-BA19-983C9075F698}.Release|Any CPU.Build.0 = Release|Any CPU
		{27631350-8A32-4134-BA19-983C9075F698}.Release|x64.ActiveCfg = Release|Any CPU
		{27631350-8A32-4134-BA19-983C9075F698}.Release|x64.Build.0 = Release|Any CPU
		{27631350-8A32-4134-BA19-983C9075F698}.Release|x86.ActiveCfg = Release|Any CPU
		{27631350-8A32-4134-BA19-983C9075F698}.Release|x86.Build.0 = Release|Any CPU
		{0726CB1F-0BB4-4C52-A5BF-8281AEB05606}.Debug|Any CPU.ActiveCfg = Debug|x64
		{0726CB1F-0BB4-4C52-A5BF-8281AEB05606}.Debug|Any CPU.Build.0 = Debug|x64
		{0726CB1F-0BB4-4C52-A5BF-8281AEB05606}.Debug|x64.ActiveCfg = Debug|x64
		{0726CB1F-0BB4-4C52-A5BF-8281AEB05606}.Debug|x64.Build.0 = Debug|x64
		{0726CB1F-0BB4-4C52-A5BF-8281AEB05606}.Debug|x86.ActiveCfg = Debug|Win32
		{0726CB1F-0BB4-4C52-A5BF-8281AEB05606}.Debug|x86.Build.0 = Debug|Win32
		{0726CB1F-0BB4-4C52-A5BF-8281AEB05606}.Release|Any CPU.ActiveCfg = Release|x64
		{0726CB1F-0BB4-4C52-A5BF-8281AEB05606}.Release|Any CPU.Build.0 = Release|x64
		{0726CB1F-0BB4-4C52-A5BF-8281AEB05606}.Release|x64.ActiveCfg = Release|x64
		{0726CB1F-0BB4-4C52-A5BF-8281AEB05606}.Release|x64.Build.0 = Release|x64
		{0726CB1F-0BB4-4C52-A5BF-8281AEB05606}.Release|x86.ActiveCfg = Release|Win32
		{0726CB1F-0BB4-4C52-A5BF-8281AEB05606}.Release|x86.Build.0 = Release|Win32
	EndGlobalSection
	GlobalSection(SolutionProperties) = preSolution
		HideSolutionNode = FALSE
	EndGlobalSection
	GlobalSection(ExtensibilityGlobals) = postSolution
		SolutionGuid = {BA15E826-6544-41EB-935C-CE08F09A3DEB}
	EndGlobalSection
EndGlobal
